// !$*UTF8*$!
{
	archiveVersion = 1;
	classes = {
	};
	objectVersion = 46;
	objects = {

/* Begin PBXBuildFile section */
		2A17561E1E6DA64000528A30 /* ProgressView.swift in Sources */ = {isa = PBXBuildFile; fileRef = 2A17561D1E6DA64000528A30 /* ProgressView.swift */; };
		2A1756201E6DAF3000528A30 /* MainViewController.swift in Sources */ = {isa = PBXBuildFile; fileRef = 2A17561F1E6DAF3000528A30 /* MainViewController.swift */; };
		2A39C1811E68512D005E5BC8 /* RegistrationViewController.swift in Sources */ = {isa = PBXBuildFile; fileRef = 2A39C1801E68512D005E5BC8 /* RegistrationViewController.swift */; };
		2A60217F1E671BC10049D985 /* SubscriptionDetailViewController.swift in Sources */ = {isa = PBXBuildFile; fileRef = 2A60217E1E671BC10049D985 /* SubscriptionDetailViewController.swift */; };
		2A61381F1E5DBF820098F9E2 /* AppDelegate.swift in Sources */ = {isa = PBXBuildFile; fileRef = 2A61381E1E5DBF820098F9E2 /* AppDelegate.swift */; };
		2A6138261E5DBF820098F9E2 /* Main.storyboard in Resources */ = {isa = PBXBuildFile; fileRef = 2A6138241E5DBF820098F9E2 /* Main.storyboard */; };
		2A6138281E5DBF820098F9E2 /* Assets.xcassets in Resources */ = {isa = PBXBuildFile; fileRef = 2A6138271E5DBF820098F9E2 /* Assets.xcassets */; };
		2A61382B1E5DBF820098F9E2 /* LaunchScreen.storyboard in Resources */ = {isa = PBXBuildFile; fileRef = 2A6138291E5DBF820098F9E2 /* LaunchScreen.storyboard */; };
		2A9354B41E65CF4B00DD75BE /* User.swift in Sources */ = {isa = PBXBuildFile; fileRef = 2A9354B31E65CF4B00DD75BE /* User.swift */; };
		2A9354B61E65CF5B00DD75BE /* SubscriptionItem.swift in Sources */ = {isa = PBXBuildFile; fileRef = 2A9354B51E65CF5B00DD75BE /* SubscriptionItem.swift */; };
		2A9354B81E65CF6500DD75BE /* Transaction.swift in Sources */ = {isa = PBXBuildFile; fileRef = 2A9354B71E65CF6500DD75BE /* Transaction.swift */; };
		2A9354BC1E65D00700DD75BE /* SubscriptionListViewController.swift in Sources */ = {isa = PBXBuildFile; fileRef = 2A9354BB1E65D00700DD75BE /* SubscriptionListViewController.swift */; };
		2A9354BE1E65D01E00DD75BE /* SubscriptionViewCell.swift in Sources */ = {isa = PBXBuildFile; fileRef = 2A9354BD1E65D01E00DD75BE /* SubscriptionViewCell.swift */; };
		2A9354C11E65D10600DD75BE /* Utils.swift in Sources */ = {isa = PBXBuildFile; fileRef = 2A9354C01E65D10600DD75BE /* Utils.swift */; };
		2A9354C31E65D7E800DD75BE /* starbucks-logo.jpg in Resources */ = {isa = PBXBuildFile; fileRef = 2A9354C21E65D7E800DD75BE /* starbucks-logo.jpg */; };
		2AA8BF481E6F014200624BAB /* PurchasingViewController.swift in Sources */ = {isa = PBXBuildFile; fileRef = 2AA8BF471E6F014200624BAB /* PurchasingViewController.swift */; };
		2AA8BF4A1E6F021700624BAB /* Pricing.swift in Sources */ = {isa = PBXBuildFile; fileRef = 2AA8BF491E6F021700624BAB /* Pricing.swift */; };
		2AA8BF4C1E6F022300624BAB /* Discount.swift in Sources */ = {isa = PBXBuildFile; fileRef = 2AA8BF4B1E6F022300624BAB /* Discount.swift */; };
		2AA8BF4E1E6F024A00624BAB /* Product.swift in Sources */ = {isa = PBXBuildFile; fileRef = 2AA8BF4D1E6F024A00624BAB /* Product.swift */; };
		2ADB0C0B1E6D35D300F2142D /* NetworkManager.swift in Sources */ = {isa = PBXBuildFile; fileRef = 2ADB0C0A1E6D35D300F2142D /* NetworkManager.swift */; };
		2ADB0C0D1E6D39A200F2142D /* LoginViewController.swift in Sources */ = {isa = PBXBuildFile; fileRef = 2ADB0C0C1E6D39A200F2142D /* LoginViewController.swift */; };
		2ADB0C0F1E6D3BE400F2142D /* ReturnCode.swift in Sources */ = {isa = PBXBuildFile; fileRef = 2ADB0C0E1E6D3BE400F2142D /* ReturnCode.swift */; };
		2ADCCA291E67DBE6006E694B /* ItemDetailController.swift in Sources */ = {isa = PBXBuildFile; fileRef = 2ADCCA281E67DBE6006E694B /* ItemDetailController.swift */; };
		2ADCCA2B1E67DBF8006E694B /* ReviewsViewController.swift in Sources */ = {isa = PBXBuildFile; fileRef = 2ADCCA2A1E67DBF8006E694B /* ReviewsViewController.swift */; };
		2ADCCA2D1E67F113006E694B /* MapViewController.swift in Sources */ = {isa = PBXBuildFile; fileRef = 2ADCCA2C1E67F113006E694B /* MapViewController.swift */; };
		2ADCCA2F1E67F16D006E694B /* MapKit.framework in Frameworks */ = {isa = PBXBuildFile; fileRef = 2ADCCA2E1E67F16D006E694B /* MapKit.framework */; };
		2AFAFDF71E684B0500D1636E /* SubscriptionAPI.swift in Sources */ = {isa = PBXBuildFile; fileRef = 2AFAFDF61E684B0500D1636E /* SubscriptionAPI.swift */; };
		86F2BA7B99666739A3BB9156 /* Pods_Puzzle_Parts.framework in Frameworks */ = {isa = PBXBuildFile; fileRef = 838BA701D47839CF40EB0697 /* Pods_Puzzle_Parts.framework */; };
/* End PBXBuildFile section */

/* Begin PBXFileReference section */
		281938B17707F3C80F229678 /* Pods-Puzzle.Parts.release.xcconfig */ = {isa = PBXFileReference; includeInIndex = 1; lastKnownFileType = text.xcconfig; name = "Pods-Puzzle.Parts.release.xcconfig"; path = "Pods/Target Support Files/Pods-Puzzle.Parts/Pods-Puzzle.Parts.release.xcconfig"; sourceTree = "<group>"; };
		2A17561D1E6DA64000528A30 /* ProgressView.swift */ = {isa = PBXFileReference; fileEncoding = 4; lastKnownFileType = sourcecode.swift; path = ProgressView.swift; sourceTree = "<group>"; };
		2A17561F1E6DAF3000528A30 /* MainViewController.swift */ = {isa = PBXFileReference; fileEncoding = 4; lastKnownFileType = sourcecode.swift; path = MainViewController.swift; sourceTree = "<group>"; };
		2A39C1801E68512D005E5BC8 /* RegistrationViewController.swift */ = {isa = PBXFileReference; fileEncoding = 4; lastKnownFileType = sourcecode.swift; path = RegistrationViewController.swift; sourceTree = "<group>"; };
		2A60217E1E671BC10049D985 /* SubscriptionDetailViewController.swift */ = {isa = PBXFileReference; fileEncoding = 4; lastKnownFileType = sourcecode.swift; path = SubscriptionDetailViewController.swift; sourceTree = "<group>"; };
		2A61381B1E5DBF820098F9E2 /* Puzzle.Parts.app */ = {isa = PBXFileReference; explicitFileType = wrapper.application; includeInIndex = 0; path = Puzzle.Parts.app; sourceTree = BUILT_PRODUCTS_DIR; };
		2A61381E1E5DBF820098F9E2 /* AppDelegate.swift */ = {isa = PBXFileReference; lastKnownFileType = sourcecode.swift; path = AppDelegate.swift; sourceTree = "<group>"; };
		2A6138251E5DBF820098F9E2 /* Base */ = {isa = PBXFileReference; lastKnownFileType = file.storyboard; name = Base; path = Base.lproj/Main.storyboard; sourceTree = "<group>"; };
		2A6138271E5DBF820098F9E2 /* Assets.xcassets */ = {isa = PBXFileReference; lastKnownFileType = folder.assetcatalog; path = Assets.xcassets; sourceTree = "<group>"; };
		2A61382A1E5DBF820098F9E2 /* Base */ = {isa = PBXFileReference; lastKnownFileType = file.storyboard; name = Base; path = Base.lproj/LaunchScreen.storyboard; sourceTree = "<group>"; };
		2A61382C1E5DBF820098F9E2 /* Info.plist */ = {isa = PBXFileReference; lastKnownFileType = text.plist.xml; path = Info.plist; sourceTree = "<group>"; };
		2A9354B31E65CF4B00DD75BE /* User.swift */ = {isa = PBXFileReference; fileEncoding = 4; lastKnownFileType = sourcecode.swift; path = User.swift; sourceTree = "<group>"; };
		2A9354B51E65CF5B00DD75BE /* SubscriptionItem.swift */ = {isa = PBXFileReference; fileEncoding = 4; lastKnownFileType = sourcecode.swift; path = SubscriptionItem.swift; sourceTree = "<group>"; };
		2A9354B71E65CF6500DD75BE /* Transaction.swift */ = {isa = PBXFileReference; fileEncoding = 4; lastKnownFileType = sourcecode.swift; path = Transaction.swift; sourceTree = "<group>"; };
		2A9354BB1E65D00700DD75BE /* SubscriptionListViewController.swift */ = {isa = PBXFileReference; fileEncoding = 4; lastKnownFileType = sourcecode.swift; path = SubscriptionListViewController.swift; sourceTree = "<group>"; };
		2A9354BD1E65D01E00DD75BE /* SubscriptionViewCell.swift */ = {isa = PBXFileReference; fileEncoding = 4; lastKnownFileType = sourcecode.swift; path = SubscriptionViewCell.swift; sourceTree = "<group>"; };
		2A9354C01E65D10600DD75BE /* Utils.swift */ = {isa = PBXFileReference; fileEncoding = 4; lastKnownFileType = sourcecode.swift; path = Utils.swift; sourceTree = "<group>"; };
		2A9354C21E65D7E800DD75BE /* starbucks-logo.jpg */ = {isa = PBXFileReference; lastKnownFileType = image.jpeg; path = "starbucks-logo.jpg"; sourceTree = "<group>"; };
		2AA8BF471E6F014200624BAB /* PurchasingViewController.swift */ = {isa = PBXFileReference; fileEncoding = 4; lastKnownFileType = sourcecode.swift; path = PurchasingViewController.swift; sourceTree = "<group>"; };
		2AA8BF491E6F021700624BAB /* Pricing.swift */ = {isa = PBXFileReference; fileEncoding = 4; lastKnownFileType = sourcecode.swift; path = Pricing.swift; sourceTree = "<group>"; };
		2AA8BF4B1E6F022300624BAB /* Discount.swift */ = {isa = PBXFileReference; fileEncoding = 4; lastKnownFileType = sourcecode.swift; path = Discount.swift; sourceTree = "<group>"; };
		2AA8BF4D1E6F024A00624BAB /* Product.swift */ = {isa = PBXFileReference; fileEncoding = 4; lastKnownFileType = sourcecode.swift; path = Product.swift; sourceTree = "<group>"; };
		2ADB0C0A1E6D35D300F2142D /* NetworkManager.swift */ = {isa = PBXFileReference; fileEncoding = 4; lastKnownFileType = sourcecode.swift; path = NetworkManager.swift; sourceTree = "<group>"; };
		2ADB0C0C1E6D39A200F2142D /* LoginViewController.swift */ = {isa = PBXFileReference; fileEncoding = 4; lastKnownFileType = sourcecode.swift; path = LoginViewController.swift; sourceTree = "<group>"; };
		2ADB0C0E1E6D3BE400F2142D /* ReturnCode.swift */ = {isa = PBXFileReference; fileEncoding = 4; lastKnownFileType = sourcecode.swift; path = ReturnCode.swift; sourceTree = "<group>"; };
		2ADB0C101E6D3D6A00F2142D /* ObjectiveC-Bridging-Header.h */ = {isa = PBXFileReference; lastKnownFileType = sourcecode.c.h; name = "ObjectiveC-Bridging-Header.h"; path = "../ObjectiveC-Bridging-Header.h"; sourceTree = "<group>"; };
		2ADCCA281E67DBE6006E694B /* ItemDetailController.swift */ = {isa = PBXFileReference; fileEncoding = 4; lastKnownFileType = sourcecode.swift; path = ItemDetailController.swift; sourceTree = "<group>"; };
		2ADCCA2A1E67DBF8006E694B /* ReviewsViewController.swift */ = {isa = PBXFileReference; fileEncoding = 4; lastKnownFileType = sourcecode.swift; path = ReviewsViewController.swift; sourceTree = "<group>"; };
		2ADCCA2C1E67F113006E694B /* MapViewController.swift */ = {isa = PBXFileReference; fileEncoding = 4; lastKnownFileType = sourcecode.swift; path = MapViewController.swift; sourceTree = "<group>"; };
		2ADCCA2E1E67F16D006E694B /* MapKit.framework */ = {isa = PBXFileReference; lastKnownFileType = wrapper.framework; name = MapKit.framework; path = System/Library/Frameworks/MapKit.framework; sourceTree = SDKROOT; };
		2AFAFDF61E684B0500D1636E /* SubscriptionAPI.swift */ = {isa = PBXFileReference; fileEncoding = 4; lastKnownFileType = sourcecode.swift; path = SubscriptionAPI.swift; sourceTree = "<group>"; };
		36F61B9EE1113AE5E5D7E260 /* Pods-Puzzle.Parts.debug.xcconfig */ = {isa = PBXFileReference; includeInIndex = 1; lastKnownFileType = text.xcconfig; name = "Pods-Puzzle.Parts.debug.xcconfig"; path = "Pods/Target Support Files/Pods-Puzzle.Parts/Pods-Puzzle.Parts.debug.xcconfig"; sourceTree = "<group>"; };
		838BA701D47839CF40EB0697 /* Pods_Puzzle_Parts.framework */ = {isa = PBXFileReference; explicitFileType = wrapper.framework; includeInIndex = 0; path = Pods_Puzzle_Parts.framework; sourceTree = BUILT_PRODUCTS_DIR; };
/* End PBXFileReference section */

/* Begin PBXFrameworksBuildPhase section */
		2A6138181E5DBF820098F9E2 /* Frameworks */ = {
			isa = PBXFrameworksBuildPhase;
			buildActionMask = 2147483647;
			files = (
				2ADCCA2F1E67F16D006E694B /* MapKit.framework in Frameworks */,
				86F2BA7B99666739A3BB9156 /* Pods_Puzzle_Parts.framework in Frameworks */,
			);
			runOnlyForDeploymentPostprocessing = 0;
		};
/* End PBXFrameworksBuildPhase section */

/* Begin PBXGroup section */
		2A17561C1E6DA62100528A30 /* View */ = {
			isa = PBXGroup;
			children = (
				2A17561D1E6DA64000528A30 /* ProgressView.swift */,
			);
			name = View;
			sourceTree = "<group>";
		};
		2A39C17F1E68510C005E5BC8 /* Registration */ = {
			isa = PBXGroup;
			children = (
				2A39C1801E68512D005E5BC8 /* RegistrationViewController.swift */,
				2ADB0C0C1E6D39A200F2142D /* LoginViewController.swift */,
			);
			name = Registration;
			sourceTree = "<group>";
		};
		2A6138121E5DBF820098F9E2 = {
			isa = PBXGroup;
			children = (
				2A61381D1E5DBF820098F9E2 /* Puzzle.Parts */,
				2A61381C1E5DBF820098F9E2 /* Products */,
				2B32147AE860F52AFBFBD672 /* Pods */,
				5A997B41EB0E0D245F1D6783 /* Frameworks */,
			);
			sourceTree = "<group>";
		};
		2A61381C1E5DBF820098F9E2 /* Products */ = {
			isa = PBXGroup;
			children = (
				2A61381B1E5DBF820098F9E2 /* Puzzle.Parts.app */,
			);
			name = Products;
			sourceTree = "<group>";
		};
		2A61381D1E5DBF820098F9E2 /* Puzzle.Parts */ = {
			isa = PBXGroup;
			children = (
				2A61381E1E5DBF820098F9E2 /* AppDelegate.swift */,
				2A9354B91E65CFD700DD75BE /* Controllers */,
				2A9354B21E65CF3900DD75BE /* Model */,
				2A9354BF1E65D0CF00DD75BE /* Supporting Files */,
			);
			path = Puzzle.Parts;
			sourceTree = "<group>";
		};
		2A9354B21E65CF3900DD75BE /* Model */ = {
			isa = PBXGroup;
			children = (
				2A9354B31E65CF4B00DD75BE /* User.swift */,
				2A9354B51E65CF5B00DD75BE /* SubscriptionItem.swift */,
				2A9354B71E65CF6500DD75BE /* Transaction.swift */,
				2AA8BF491E6F021700624BAB /* Pricing.swift */,
				2AA8BF4B1E6F022300624BAB /* Discount.swift */,
				2AA8BF4D1E6F024A00624BAB /* Product.swift */,
			);
			name = Model;
			sourceTree = "<group>";
		};
		2A9354B91E65CFD700DD75BE /* Controllers */ = {
			isa = PBXGroup;
			children = (
				2A39C17F1E68510C005E5BC8 /* Registration */,
				2ADCCA271E67D124006E694B /* New Group */,
				2A9354BA1E65CFE100DD75BE /* ListSubscriptions */,
			);
			name = Controllers;
			sourceTree = "<group>";
		};
		2A9354BA1E65CFE100DD75BE /* ListSubscriptions */ = {
			isa = PBXGroup;
			children = (
				2A9354BB1E65D00700DD75BE /* SubscriptionListViewController.swift */,
				2A9354BD1E65D01E00DD75BE /* SubscriptionViewCell.swift */,
				2AFAFDF61E684B0500D1636E /* SubscriptionAPI.swift */,
				2A17561F1E6DAF3000528A30 /* MainViewController.swift */,
			);
			name = ListSubscriptions;
			sourceTree = "<group>";
		};
		2A9354BF1E65D0CF00DD75BE /* Supporting Files */ = {
			isa = PBXGroup;
			children = (
				2A17561C1E6DA62100528A30 /* View */,
				2A9354C01E65D10600DD75BE /* Utils.swift */,
				2ADB0C101E6D3D6A00F2142D /* ObjectiveC-Bridging-Header.h */,
				2ADB0C0A1E6D35D300F2142D /* NetworkManager.swift */,
				2A6138241E5DBF820098F9E2 /* Main.storyboard */,
				2A9354C21E65D7E800DD75BE /* starbucks-logo.jpg */,
				2A6138271E5DBF820098F9E2 /* Assets.xcassets */,
				2A6138291E5DBF820098F9E2 /* LaunchScreen.storyboard */,
				2A61382C1E5DBF820098F9E2 /* Info.plist */,
				2ADB0C0E1E6D3BE400F2142D /* ReturnCode.swift */,
			);
			name = "Supporting Files";
			sourceTree = "<group>";
		};
		2ADCCA271E67D124006E694B /* New Group */ = {
			isa = PBXGroup;
			children = (
				2A60217E1E671BC10049D985 /* SubscriptionDetailViewController.swift */,
				2ADCCA281E67DBE6006E694B /* ItemDetailController.swift */,
				2ADCCA2A1E67DBF8006E694B /* ReviewsViewController.swift */,
				2ADCCA2C1E67F113006E694B /* MapViewController.swift */,
				2AA8BF471E6F014200624BAB /* PurchasingViewController.swift */,
			);
			name = "New Group";
			sourceTree = "<group>";
		};
		2B32147AE860F52AFBFBD672 /* Pods */ = {
			isa = PBXGroup;
			children = (
				36F61B9EE1113AE5E5D7E260 /* Pods-Puzzle.Parts.debug.xcconfig */,
				281938B17707F3C80F229678 /* Pods-Puzzle.Parts.release.xcconfig */,
			);
			name = Pods;
			sourceTree = "<group>";
		};
		5A997B41EB0E0D245F1D6783 /* Frameworks */ = {
			isa = PBXGroup;
			children = (
				2ADCCA2E1E67F16D006E694B /* MapKit.framework */,
				838BA701D47839CF40EB0697 /* Pods_Puzzle_Parts.framework */,
			);
			name = Frameworks;
			sourceTree = "<group>";
		};
/* End PBXGroup section */

/* Begin PBXNativeTarget section */
		2A61381A1E5DBF820098F9E2 /* Puzzle.Parts */ = {
			isa = PBXNativeTarget;
			buildConfigurationList = 2A61382F1E5DBF820098F9E2 /* Build configuration list for PBXNativeTarget "Puzzle.Parts" */;
			buildPhases = (
				F3AF1CF4C6C5E60B5CC171D0 /* [CP] Check Pods Manifest.lock */,
				2A6138171E5DBF820098F9E2 /* Sources */,
				2A6138181E5DBF820098F9E2 /* Frameworks */,
				2A6138191E5DBF820098F9E2 /* Resources */,
				60F3A47DFC2ABAFE14379601 /* [CP] Embed Pods Frameworks */,
				305DFBD5D51AF34F2259535B /* [CP] Copy Pods Resources */,
			);
			buildRules = (
			);
			dependencies = (
			);
			name = Puzzle.Parts;
			productName = Puzzle.Parts;
			productReference = 2A61381B1E5DBF820098F9E2 /* Puzzle.Parts.app */;
			productType = "com.apple.product-type.application";
		};
/* End PBXNativeTarget section */

/* Begin PBXProject section */
		2A6138131E5DBF820098F9E2 /* Project object */ = {
			isa = PBXProject;
			attributes = {
				LastSwiftUpdateCheck = 0820;
				LastUpgradeCheck = 0820;
				ORGANIZATIONNAME = "Nguyen Bui An Trung";
				TargetAttributes = {
					2A61381A1E5DBF820098F9E2 = {
						CreatedOnToolsVersion = 8.2.1;
						DevelopmentTeam = VBEVMP5SLB;
						ProvisioningStyle = Automatic;
					};
				};
			};
			buildConfigurationList = 2A6138161E5DBF820098F9E2 /* Build configuration list for PBXProject "Puzzle.Parts" */;
			compatibilityVersion = "Xcode 3.2";
			developmentRegion = English;
			hasScannedForEncodings = 0;
			knownRegions = (
				en,
				Base,
			);
			mainGroup = 2A6138121E5DBF820098F9E2;
			productRefGroup = 2A61381C1E5DBF820098F9E2 /* Products */;
			projectDirPath = "";
			projectRoot = "";
			targets = (
				2A61381A1E5DBF820098F9E2 /* Puzzle.Parts */,
			);
		};
/* End PBXProject section */

/* Begin PBXResourcesBuildPhase section */
		2A6138191E5DBF820098F9E2 /* Resources */ = {
			isa = PBXResourcesBuildPhase;
			buildActionMask = 2147483647;
			files = (
				2A61382B1E5DBF820098F9E2 /* LaunchScreen.storyboard in Resources */,
				2A9354C31E65D7E800DD75BE /* starbucks-logo.jpg in Resources */,
				2A6138281E5DBF820098F9E2 /* Assets.xcassets in Resources */,
				2A6138261E5DBF820098F9E2 /* Main.storyboard in Resources */,
			);
			runOnlyForDeploymentPostprocessing = 0;
		};
/* End PBXResourcesBuildPhase section */

/* Begin PBXShellScriptBuildPhase section */
		305DFBD5D51AF34F2259535B /* [CP] Copy Pods Resources */ = {
			isa = PBXShellScriptBuildPhase;
			buildActionMask = 2147483647;
			files = (
			);
			inputPaths = (
			);
			name = "[CP] Copy Pods Resources";
			outputPaths = (
			);
			runOnlyForDeploymentPostprocessing = 0;
			shellPath = /bin/sh;
			shellScript = "\"${SRCROOT}/Pods/Target Support Files/Pods-Puzzle.Parts/Pods-Puzzle.Parts-resources.sh\"\n";
			showEnvVarsInLog = 0;
		};
		60F3A47DFC2ABAFE14379601 /* [CP] Embed Pods Frameworks */ = {
			isa = PBXShellScriptBuildPhase;
			buildActionMask = 2147483647;
			files = (
			);
			inputPaths = (
			);
			name = "[CP] Embed Pods Frameworks";
			outputPaths = (
			);
			runOnlyForDeploymentPostprocessing = 0;
			shellPath = /bin/sh;
			shellScript = "\"${SRCROOT}/Pods/Target Support Files/Pods-Puzzle.Parts/Pods-Puzzle.Parts-frameworks.sh\"\n";
			showEnvVarsInLog = 0;
		};
		F3AF1CF4C6C5E60B5CC171D0 /* [CP] Check Pods Manifest.lock */ = {
			isa = PBXShellScriptBuildPhase;
			buildActionMask = 2147483647;
			files = (
			);
			inputPaths = (
			);
			name = "[CP] Check Pods Manifest.lock";
			outputPaths = (
			);
			runOnlyForDeploymentPostprocessing = 0;
			shellPath = /bin/sh;
			shellScript = "diff \"${PODS_ROOT}/../Podfile.lock\" \"${PODS_ROOT}/Manifest.lock\" > /dev/null\nif [ $? != 0 ] ; then\n    # print error to STDERR\n    echo \"error: The sandbox is not in sync with the Podfile.lock. Run 'pod install' or update your CocoaPods installation.\" >&2\n    exit 1\nfi\n";
			showEnvVarsInLog = 0;
		};
/* End PBXShellScriptBuildPhase section */

/* Begin PBXSourcesBuildPhase section */
		2A6138171E5DBF820098F9E2 /* Sources */ = {
			isa = PBXSourcesBuildPhase;
			buildActionMask = 2147483647;
			files = (
				2ADCCA2D1E67F113006E694B /* MapViewController.swift in Sources */,
				2AA8BF481E6F014200624BAB /* PurchasingViewController.swift in Sources */,
				2A60217F1E671BC10049D985 /* SubscriptionDetailViewController.swift in Sources */,
				2A9354B41E65CF4B00DD75BE /* User.swift in Sources */,
				2ADB0C0D1E6D39A200F2142D /* LoginViewController.swift in Sources */,
				2AA8BF4E1E6F024A00624BAB /* Product.swift in Sources */,
				2A9354BC1E65D00700DD75BE /* SubscriptionListViewController.swift in Sources */,
				2A39C1811E68512D005E5BC8 /* RegistrationViewController.swift in Sources */,
				2A17561E1E6DA64000528A30 /* ProgressView.swift in Sources */,
				2AA8BF4C1E6F022300624BAB /* Discount.swift in Sources */,
				2ADB0C0F1E6D3BE400F2142D /* ReturnCode.swift in Sources */,
				2A61381F1E5DBF820098F9E2 /* AppDelegate.swift in Sources */,
				2A9354C11E65D10600DD75BE /* Utils.swift in Sources */,
				2A9354BE1E65D01E00DD75BE /* SubscriptionViewCell.swift in Sources */,
				2AFAFDF71E684B0500D1636E /* SubscriptionAPI.swift in Sources */,
				2ADCCA2B1E67DBF8006E694B /* ReviewsViewController.swift in Sources */,
				2ADB0C0B1E6D35D300F2142D /* NetworkManager.swift in Sources */,
				2ADCCA291E67DBE6006E694B /* ItemDetailController.swift in Sources */,
				2AA8BF4A1E6F021700624BAB /* Pricing.swift in Sources */,
				2A1756201E6DAF3000528A30 /* MainViewController.swift in Sources */,
				2A9354B81E65CF6500DD75BE /* Transaction.swift in Sources */,
				2A9354B61E65CF5B00DD75BE /* SubscriptionItem.swift in Sources */,
			);
			runOnlyForDeploymentPostprocessing = 0;
		};
/* End PBXSourcesBuildPhase section */

/* Begin PBXVariantGroup section */
		2A6138241E5DBF820098F9E2 /* Main.storyboard */ = {
			isa = PBXVariantGroup;
			children = (
				2A6138251E5DBF820098F9E2 /* Base */,
			);
			name = Main.storyboard;
			sourceTree = "<group>";
		};
		2A6138291E5DBF820098F9E2 /* LaunchScreen.storyboard */ = {
			isa = PBXVariantGroup;
			children = (
				2A61382A1E5DBF820098F9E2 /* Base */,
			);
			name = LaunchScreen.storyboard;
			sourceTree = "<group>";
		};
/* End PBXVariantGroup section */

/* Begin XCBuildConfiguration section */
		2A61382D1E5DBF820098F9E2 /* Debug */ = {
			isa = XCBuildConfiguration;
			buildSettings = {
				ALWAYS_SEARCH_USER_PATHS = NO;
				CLANG_ANALYZER_NONNULL = YES;
				CLANG_CXX_LANGUAGE_STANDARD = "gnu++0x";
				CLANG_CXX_LIBRARY = "libc++";
				CLANG_ENABLE_MODULES = YES;
				CLANG_ENABLE_OBJC_ARC = YES;
				CLANG_WARN_BOOL_CONVERSION = YES;
				CLANG_WARN_CONSTANT_CONVERSION = YES;
				CLANG_WARN_DIRECT_OBJC_ISA_USAGE = YES_ERROR;
				CLANG_WARN_DOCUMENTATION_COMMENTS = YES;
				CLANG_WARN_EMPTY_BODY = YES;
				CLANG_WARN_ENUM_CONVERSION = YES;
				CLANG_WARN_INFINITE_RECURSION = YES;
				CLANG_WARN_INT_CONVERSION = YES;
				CLANG_WARN_OBJC_ROOT_CLASS = YES_ERROR;
				CLANG_WARN_SUSPICIOUS_MOVE = YES;
				CLANG_WARN_UNREACHABLE_CODE = YES;
				CLANG_WARN__DUPLICATE_METHOD_MATCH = YES;
				"CODE_SIGN_IDENTITY[sdk=iphoneos*]" = "iPhone Developer";
				COPY_PHASE_STRIP = NO;
				DEBUG_INFORMATION_FORMAT = dwarf;
				ENABLE_STRICT_OBJC_MSGSEND = YES;
				ENABLE_TESTABILITY = YES;
				GCC_C_LANGUAGE_STANDARD = gnu99;
				GCC_DYNAMIC_NO_PIC = NO;
				GCC_NO_COMMON_BLOCKS = YES;
				GCC_OPTIMIZATION_LEVEL = 0;
				GCC_PREPROCESSOR_DEFINITIONS = (
					"DEBUG=1",
					"$(inherited)",
				);
				GCC_WARN_64_TO_32_BIT_CONVERSION = YES;
				GCC_WARN_ABOUT_RETURN_TYPE = YES_ERROR;
				GCC_WARN_UNDECLARED_SELECTOR = YES;
				GCC_WARN_UNINITIALIZED_AUTOS = YES_AGGRESSIVE;
				GCC_WARN_UNUSED_FUNCTION = YES;
				GCC_WARN_UNUSED_VARIABLE = YES;
				IPHONEOS_DEPLOYMENT_TARGET = 10.2;
				MTL_ENABLE_DEBUG_INFO = YES;
				ONLY_ACTIVE_ARCH = YES;
				SDKROOT = iphoneos;
				SWIFT_ACTIVE_COMPILATION_CONDITIONS = DEBUG;
				SWIFT_OPTIMIZATION_LEVEL = "-Onone";
			};
			name = Debug;
		};
		2A61382E1E5DBF820098F9E2 /* Release */ = {
			isa = XCBuildConfiguration;
			buildSettings = {
				ALWAYS_SEARCH_USER_PATHS = NO;
				CLANG_ANALYZER_NONNULL = YES;
				CLANG_CXX_LANGUAGE_STANDARD = "gnu++0x";
				CLANG_CXX_LIBRARY = "libc++";
				CLANG_ENABLE_MODULES = YES;
				CLANG_ENABLE_OBJC_ARC = YES;
				CLANG_WARN_BOOL_CONVERSION = YES;
				CLANG_WARN_CONSTANT_CONVERSION = YES;
				CLANG_WARN_DIRECT_OBJC_ISA_USAGE = YES_ERROR;
				CLANG_WARN_DOCUMENTATION_COMMENTS = YES;
				CLANG_WARN_EMPTY_BODY = YES;
				CLANG_WARN_ENUM_CONVERSION = YES;
				CLANG_WARN_INFINITE_RECURSION = YES;
				CLANG_WARN_INT_CONVERSION = YES;
				CLANG_WARN_OBJC_ROOT_CLASS = YES_ERROR;
				CLANG_WARN_SUSPICIOUS_MOVE = YES;
				CLANG_WARN_UNREACHABLE_CODE = YES;
				CLANG_WARN__DUPLICATE_METHOD_MATCH = YES;
				"CODE_SIGN_IDENTITY[sdk=iphoneos*]" = "iPhone Developer";
				COPY_PHASE_STRIP = NO;
				DEBUG_INFORMATION_FORMAT = "dwarf-with-dsym";
				ENABLE_NS_ASSERTIONS = NO;
				ENABLE_STRICT_OBJC_MSGSEND = YES;
				GCC_C_LANGUAGE_STANDARD = gnu99;
				GCC_NO_COMMON_BLOCKS = YES;
				GCC_WARN_64_TO_32_BIT_CONVERSION = YES;
				GCC_WARN_ABOUT_RETURN_TYPE = YES_ERROR;
				GCC_WARN_UNDECLARED_SELECTOR = YES;
				GCC_WARN_UNINITIALIZED_AUTOS = YES_AGGRESSIVE;
				GCC_WARN_UNUSED_FUNCTION = YES;
				GCC_WARN_UNUSED_VARIABLE = YES;
				IPHONEOS_DEPLOYMENT_TARGET = 10.2;
				MTL_ENABLE_DEBUG_INFO = NO;
				SDKROOT = iphoneos;
				SWIFT_OPTIMIZATION_LEVEL = "-Owholemodule";
				VALIDATE_PRODUCT = YES;
			};
			name = Release;
		};
		2A6138301E5DBF820098F9E2 /* Debug */ = {
			isa = XCBuildConfiguration;
			baseConfigurationReference = 36F61B9EE1113AE5E5D7E260 /* Pods-Puzzle.Parts.debug.xcconfig */;
			buildSettings = {
				ASSETCATALOG_COMPILER_APPICON_NAME = AppIcon;
				DEVELOPMENT_TEAM = VBEVMP5SLB;
				INFOPLIST_FILE = Puzzle.Parts/Info.plist;
				LD_RUNPATH_SEARCH_PATHS = "$(inherited) @executable_path/Frameworks";
				PRODUCT_BUNDLE_IDENTIFIER = "sg.edu.nus.iss.trung.Puzzle-Parts";
				PRODUCT_NAME = "$(TARGET_NAME)";
				SWIFT_OBJC_BRIDGING_HEADER = "ObjectiveC-Bridging-Header.h";
				SWIFT_VERSION = 3.0;
			};
			name = Debug;
		};
		2A6138311E5DBF820098F9E2 /* Release */ = {
			isa = XCBuildConfiguration;
			baseConfigurationReference = 281938B17707F3C80F229678 /* Pods-Puzzle.Parts.release.xcconfig */;
			buildSettings = {
				ASSETCATALOG_COMPILER_APPICON_NAME = AppIcon;
				DEVELOPMENT_TEAM = VBEVMP5SLB;
				INFOPLIST_FILE = Puzzle.Parts/Info.plist;
				LD_RUNPATH_SEARCH_PATHS = "$(inherited) @executable_path/Frameworks";
				PRODUCT_BUNDLE_IDENTIFIER = "sg.edu.nus.iss.trung.Puzzle-Parts";
				PRODUCT_NAME = "$(TARGET_NAME)";
				SWIFT_OBJC_BRIDGING_HEADER = "ObjectiveC-Bridging-Header.h";
				SWIFT_VERSION = 3.0;
			};
			name = Release;
		};
/* End XCBuildConfiguration section */

/* Begin XCConfigurationList section */
		2A6138161E5DBF820098F9E2 /* Build configuration list for PBXProject "Puzzle.Parts" */ = {
			isa = XCConfigurationList;
			buildConfigurations = (
				2A61382D1E5DBF820098F9E2 /* Debug */,
				2A61382E1E5DBF820098F9E2 /* Release */,
			);
			defaultConfigurationIsVisible = 0;
			defaultConfigurationName = Release;
		};
		2A61382F1E5DBF820098F9E2 /* Build configuration list for PBXNativeTarget "Puzzle.Parts" */ = {
			isa = XCConfigurationList;
			buildConfigurations = (
				2A6138301E5DBF820098F9E2 /* Debug */,
				2A6138311E5DBF820098F9E2 /* Release */,
			);
			defaultConfigurationIsVisible = 0;
			defaultConfigurationName = Release;
		};
/* End XCConfigurationList section */
	};
	rootObject = 2A6138131E5DBF820098F9E2 /* Project object */;
}
